
Microsoft Visual Studio Solution File, Format Version 12.00
# Visual Studio Version 16
VisualStudioVersion = 16.0.30804.86
MinimumVisualStudioVersion = 10.0.40219.1
Project("{FAE04EC0-301F-11D3-BF4B-00C04F79EFBC}") = "RussianRapBlog", "RussianRapBlog\RussianRapBlog.csproj", "{2766F532-E683-45B5-A04B-E3BCD131F0BD}"
EndProject
Project("{FAE04EC0-301F-11D3-BF4B-00C04F79EFBC}") = "Database", "Database\Database.csproj", "{EC595808-F972-4D50-AAE3-B63B84FA3E7F}"
EndProject
Project("{FAE04EC0-301F-11D3-BF4B-00C04F79EFBC}") = "Services", "App\Services.csproj", "{C9171FA4-D3F4-45EA-BDFC-136232B96E74}"
EndProject
Project("{2150E333-8FDC-42A3-9474-1A3956D46DE8}") = "App", "App", "{E42F6E0B-B52B-42D9-82AC-D9A9D2BD2E9F}"
EndProject
Project("{FAE04EC0-301F-11D3-BF4B-00C04F79EFBC}") = "Dto", "Dto\Dto.csproj", "{539E105E-9A76-46B5-96EC-F7BAF09C24E2}"
EndProject
Project("{2150E333-8FDC-42A3-9474-1A3956D46DE8}") = "Domain", "Domain", "{DB02B2E7-D51D-44AA-A514-16DCC3182256}"
EndProject
Project("{FAE04EC0-301F-11D3-BF4B-00C04F79EFBC}") = "Models", "Models\Models.csproj", "{529C8954-6935-4F2A-AFC5-BEB428DE7755}"
EndProject
Global
	GlobalSection(SolutionConfigurationPlatforms) = preSolution
		Debug|Any CPU = Debug|Any CPU
		Release|Any CPU = Release|Any CPU
	EndGlobalSection
	GlobalSection(ProjectConfigurationPlatforms) = postSolution
		{2766F532-E683-45B5-A04B-E3BCD131F0BD}.Debug|Any CPU.ActiveCfg = Debug|Any CPU
		{2766F532-E683-45B5-A04B-E3BCD131F0BD}.Debug|Any CPU.Build.0 = Debug|Any CPU
		{2766F532-E683-45B5-A04B-E3BCD131F0BD}.Release|Any CPU.ActiveCfg = Release|Any CPU
		{2766F532-E683-45B5-A04B-E3BCD131F0BD}.Release|Any CPU.Build.0 = Release|Any CPU
		{EC595808-F972-4D50-AAE3-B63B84FA3E7F}.Debug|Any CPU.ActiveCfg = Debug|Any CPU
		{EC595808-F972-4D50-AAE3-B63B84FA3E7F}.Debug|Any CPU.Build.0 = Debug|Any CPU
		{EC595808-F972-4D50-AAE3-B63B84FA3E7F}.Release|Any CPU.ActiveCfg = Release|Any CPU
		{EC595808-F972-4D50-AAE3-B63B84FA3E7F}.Release|Any CPU.Build.0 = Release|Any CPU
		{C9171FA4-D3F4-45EA-BDFC-136232B96E74}.Debug|Any CPU.ActiveCfg = Debug|Any CPU
		{C9171FA4-D3F4-45EA-BDFC-136232B96E74}.Debug|Any CPU.Build.0 = Debug|Any CPU
		{C9171FA4-D3F4-45EA-BDFC-136232B96E74}.Release|Any CPU.ActiveCfg = Release|Any CPU
		{C9171FA4-D3F4-45EA-BDFC-136232B96E74}.Release|Any CPU.Build.0 = Release|Any CPU
		{539E105E-9A76-46B5-96EC-F7BAF09C24E2}.Debug|Any CPU.ActiveCfg = Debug|Any CPU
		{539E105E-9A76-46B5-96EC-F7BAF09C24E2}.Debug|Any CPU.Build.0 = Debug|Any CPU
		{539E105E-9A76-46B5-96EC-F7BAF09C24E2}.Release|Any CPU.ActiveCfg = Release|Any CPU
		{539E105E-9A76-46B5-96EC-F7BAF09C24E2}.Release|Any CPU.Build.0 = Release|Any CPU
		{529C8954-6935-4F2A-AFC5-BEB428DE7755}.Debug|Any CPU.ActiveCfg = Debug|Any CPU
		{529C8954-6935-4F2A-AFC5-BEB428DE7755}.Debug|Any CPU.Build.0 = Debug|Any CPU
		{529C8954-6935-4F2A-AFC5-BEB428DE7755}.Release|Any CPU.ActiveCfg = Release|Any CPU
		{529C8954-6935-4F2A-AFC5-BEB428DE7755}.Release|Any CPU.Build.0 = Release|Any CPU
	EndGlobalSection
	GlobalSection(SolutionProperties) = preSolution
		HideSolutionNode = FALSE
	EndGlobalSection
	GlobalSection(NestedProjects) = preSolution
		{C9171FA4-D3F4-45EA-BDFC-136232B96E74} = {E42F6E0B-B52B-42D9-82AC-D9A9D2BD2E9F}
		{539E105E-9A76-46B5-96EC-F7BAF09C24E2} = {E42F6E0B-B52B-42D9-82AC-D9A9D2BD2E9F}
		{529C8954-6935-4F2A-AFC5-BEB428DE7755} = {DB02B2E7-D51D-44AA-A514-16DCC3182256}
	EndGlobalSection
	GlobalSection(ExtensibilityGlobals) = postSolution
		SolutionGuid = {9604EB5B-462B-4A2E-9429-D01C9A100504}
	EndGlobalSection
EndGlobal
